// !$*UTF8*$!
{
	archiveVersion = 1;
	classes = {
	};
	objectVersion = 56;
	objects = {

/* Begin PBXBuildFile section */
		E291644A1C8E0704002879C0 /* Revolver.framework in Frameworks */ = {isa = PBXBuildFile; fileRef = E291643F1C8E0704002879C0 /* Revolver.framework */; };
		FA2E6EB929E5F6030042BDE0 /* RangeInitializedArray+Randomizable.swift in Sources */ = {isa = PBXBuildFile; fileRef = FA2E6E5329E5F6030042BDE0 /* RangeInitializedArray+Randomizable.swift */; };
		FA2E6EBA29E5F6030042BDE0 /* TreeProgram+Mutable.swift in Sources */ = {isa = PBXBuildFile; fileRef = FA2E6E5429E5F6030042BDE0 /* TreeProgram+Mutable.swift */; };
		FA2E6EBB29E5F6030042BDE0 /* Date.swift in Sources */ = {isa = PBXBuildFile; fileRef = FA2E6E5529E5F6030042BDE0 /* Date.swift */; };
		FA2E6EBC29E5F6030042BDE0 /* Discrete.swift in Sources */ = {isa = PBXBuildFile; fileRef = FA2E6E5629E5F6030042BDE0 /* Discrete.swift */; };
		FA2E6EBD29E5F6030042BDE0 /* ModuloNode.swift in Sources */ = {isa = PBXBuildFile; fileRef = FA2E6E5729E5F6030042BDE0 /* ModuloNode.swift */; };
		FA2E6EBE29E5F6030042BDE0 /* RangeInitializedArray+CustomStringConvertible.swift in Sources */ = {isa = PBXBuildFile; fileRef = FA2E6E5829E5F6030042BDE0 /* RangeInitializedArray+CustomStringConvertible.swift */; };
		FA2E6EBF29E5F6030042BDE0 /* LoopNode.swift in Sources */ = {isa = PBXBuildFile; fileRef = FA2E6E5929E5F6030042BDE0 /* LoopNode.swift */; };
		FA2E6EC029E5F6030042BDE0 /* Evaluator.swift in Sources */ = {isa = PBXBuildFile; fileRef = FA2E6E5A29E5F6030042BDE0 /* Evaluator.swift */; };
		FA2E6EC129E5F6030042BDE0 /* TreeType.swift in Sources */ = {isa = PBXBuildFile; fileRef = FA2E6E5B29E5F6030042BDE0 /* TreeType.swift */; };
		FA2E6EC229E5F6030042BDE0 /* NotCondition.swift in Sources */ = {isa = PBXBuildFile; fileRef = FA2E6E5C29E5F6030042BDE0 /* NotCondition.swift */; };
		FA2E6EC329E5F6030042BDE0 /* EquivalenceNode.swift in Sources */ = {isa = PBXBuildFile; fileRef = FA2E6E5D29E5F6030042BDE0 /* EquivalenceNode.swift */; };
		FA2E6EC429E5F6030042BDE0 /* Mutable.swift in Sources */ = {isa = PBXBuildFile; fileRef = FA2E6E5E29E5F6030042BDE0 /* Mutable.swift */; };
		FA2E6EC529E5F6030042BDE0 /* ValueNode.swift in Sources */ = {isa = PBXBuildFile; fileRef = FA2E6E5F29E5F6030042BDE0 /* ValueNode.swift */; };
		FA2E6EC629E5F6030042BDE0 /* TournamentSelection.swift in Sources */ = {isa = PBXBuildFile; fileRef = FA2E6E6029E5F6030042BDE0 /* TournamentSelection.swift */; };
		FA2E6EC729E5F6030042BDE0 /* SubtractionNode.swift in Sources */ = {isa = PBXBuildFile; fileRef = FA2E6E6129E5F6030042BDE0 /* SubtractionNode.swift */; };
		FA2E6EC829E5F6030042BDE0 /* CommonChromosomeType.swift in Sources */ = {isa = PBXBuildFile; fileRef = FA2E6E6229E5F6030042BDE0 /* CommonChromosomeType.swift */; };
		FA2E6EC929E5F6030042BDE0 /* DecisionTreeOperators.swift in Sources */ = {isa = PBXBuildFile; fileRef = FA2E6E6329E5F6030042BDE0 /* DecisionTreeOperators.swift */; };
		FA2E6ECA29E5F6030042BDE0 /* TwoPointCrossoverable.swift in Sources */ = {isa = PBXBuildFile; fileRef = FA2E6E6429E5F6030042BDE0 /* TwoPointCrossoverable.swift */; };
		FA2E6ECB29E5F6030042BDE0 /* TreeProgram+OnePointCrossoverable.swift in Sources */ = {isa = PBXBuildFile; fileRef = FA2E6E6529E5F6030042BDE0 /* TreeProgram+OnePointCrossoverable.swift */; };
		FA2E6ECC29E5F6030042BDE0 /* MaxNumberOfGenerations.swift in Sources */ = {isa = PBXBuildFile; fileRef = FA2E6E6629E5F6030042BDE0 /* MaxNumberOfGenerations.swift */; };
		FA2E6ECD29E5F6030042BDE0 /* RangeInitializedArrayExample.swift in Sources */ = {isa = PBXBuildFile; fileRef = FA2E6E6729E5F6030042BDE0 /* RangeInitializedArrayExample.swift */; };
		FA2E6ECE29E5F6030042BDE0 /* RangeInitializedArray+Copyable.swift in Sources */ = {isa = PBXBuildFile; fileRef = FA2E6E6829E5F6030042BDE0 /* RangeInitializedArray+Copyable.swift */; };
		FA2E6ECF29E5F6030042BDE0 /* Reproduction.swift in Sources */ = {isa = PBXBuildFile; fileRef = FA2E6E6929E5F6030042BDE0 /* Reproduction.swift */; };
		FA2E6ED029E5F6030042BDE0 /* EntropyGenerator+RandomizableGeneration.swift in Sources */ = {isa = PBXBuildFile; fileRef = FA2E6E6A29E5F6030042BDE0 /* EntropyGenerator+RandomizableGeneration.swift */; };
		FA2E6ED129E5F6030042BDE0 /* IndexSet.swift in Sources */ = {isa = PBXBuildFile; fileRef = FA2E6E6B29E5F6030042BDE0 /* IndexSet.swift */; };
		FA2E6ED229E5F6030042BDE0 /* OnePointCrossover.swift in Sources */ = {isa = PBXBuildFile; fileRef = FA2E6E6C29E5F6030042BDE0 /* OnePointCrossover.swift */; };
		FA2E6ED329E5F6030042BDE0 /* RangeInitializedArray+OnePointCrossoverable.swift in Sources */ = {isa = PBXBuildFile; fileRef = FA2E6E6D29E5F6030042BDE0 /* RangeInitializedArray+OnePointCrossoverable.swift */; };
		FA2E6ED429E5F6030042BDE0 /* ChromosomeType.swift in Sources */ = {isa = PBXBuildFile; fileRef = FA2E6E6E29E5F6030042BDE0 /* ChromosomeType.swift */; };
		FA2E6ED529E5F6030042BDE0 /* PersistentType.swift in Sources */ = {isa = PBXBuildFile; fileRef = FA2E6E6F29E5F6030042BDE0 /* PersistentType.swift */; };
		FA2E6ED629E5F6030042BDE0 /* NegationNode.swift in Sources */ = {isa = PBXBuildFile; fileRef = FA2E6E7029E5F6030042BDE0 /* NegationNode.swift */; };
		FA2E6ED729E5F6030042BDE0 /* ComparisonNode.swift in Sources */ = {isa = PBXBuildFile; fileRef = FA2E6E7129E5F6030042BDE0 /* ComparisonNode.swift */; };
		FA2E6ED829E5F6030042BDE0 /* ChanceNode.swift in Sources */ = {isa = PBXBuildFile; fileRef = FA2E6E7229E5F6030042BDE0 /* ChanceNode.swift */; };
		FA2E6ED929E5F6030042BDE0 /* MatingPool.swift in Sources */ = {isa = PBXBuildFile; fileRef = FA2E6E7329E5F6030042BDE0 /* MatingPool.swift */; };
		FA2E6EDA29E5F6030042BDE0 /* BestSelection.swift in Sources */ = {isa = PBXBuildFile; fileRef = FA2E6E7429E5F6030042BDE0 /* BestSelection.swift */; };
		FA2E6EDB29E5F6030042BDE0 /* Revolver.h in Headers */ = {isa = PBXBuildFile; fileRef = FA2E6E7529E5F6030042BDE0 /* Revolver.h */; };
		FA2E6EDC29E5F6030042BDE0 /* DecisionTreeNode.swift in Sources */ = {isa = PBXBuildFile; fileRef = FA2E6E7629E5F6030042BDE0 /* DecisionTreeNode.swift */; };
		FA2E6EDD29E5F6030042BDE0 /* TerminationCondition.swift in Sources */ = {isa = PBXBuildFile; fileRef = FA2E6E7729E5F6030042BDE0 /* TerminationCondition.swift */; };
		FA2E6EDE29E5F6030042BDE0 /* RankSelection.swift in Sources */ = {isa = PBXBuildFile; fileRef = FA2E6E7829E5F6030042BDE0 /* RankSelection.swift */; };
		FA2E6EDF29E5F6030042BDE0 /* RandomTreeFactory.swift in Sources */ = {isa = PBXBuildFile; fileRef = FA2E6E7929E5F6030042BDE0 /* RandomTreeFactory.swift */; };
		FA2E6EE029E5F6030042BDE0 /* NumericType.swift in Sources */ = {isa = PBXBuildFile; fileRef = FA2E6E7A29E5F6030042BDE0 /* NumericType.swift */; };
		FA2E6EE129E5F6030042BDE0 /* ConditionalNode.swift in Sources */ = {isa = PBXBuildFile; fileRef = FA2E6E7B29E5F6030042BDE0 /* ConditionalNode.swift */; };
		FA2E6EE229E5F6030042BDE0 /* SequenceNode.swift in Sources */ = {isa = PBXBuildFile; fileRef = FA2E6E7C29E5F6030042BDE0 /* SequenceNode.swift */; };
		FA2E6EE329E5F6030042BDE0 /* FitnessThreshold.swift in Sources */ = {isa = PBXBuildFile; fileRef = FA2E6E7D29E5F6030042BDE0 /* FitnessThreshold.swift */; };
		FA2E6EE429E5F6030042BDE0 /* GeneticOperator.swift in Sources */ = {isa = PBXBuildFile; fileRef = FA2E6E7E29E5F6030042BDE0 /* GeneticOperator.swift */; };
		FA2E6EE529E5F6030042BDE0 /* TreeProgram.swift in Sources */ = {isa = PBXBuildFile; fileRef = FA2E6E7F29E5F6030042BDE0 /* TreeProgram.swift */; };
		FA2E6EE629E5F6030042BDE0 /* Elitism.swift in Sources */ = {isa = PBXBuildFile; fileRef = FA2E6E8029E5F6030042BDE0 /* Elitism.swift */; };
		FA2E6EE729E5F6030042BDE0 /* GeneticAlgorithmExample.swift in Sources */ = {isa = PBXBuildFile; fileRef = FA2E6E8129E5F6030042BDE0 /* GeneticAlgorithmExample.swift */; };
		FA2E6EE829E5F6030042BDE0 /* ImplicationNode.swift in Sources */ = {isa = PBXBuildFile; fileRef = FA2E6E8229E5F6030042BDE0 /* ImplicationNode.swift */; };
		FA2E6EE929E5F6030042BDE0 /* RangeInitializedArray+CustomDebugStringConvertible.swift in Sources */ = {isa = PBXBuildFile; fileRef = FA2E6E8329E5F6030042BDE0 /* RangeInitializedArray+CustomDebugStringConvertible.swift */; };
		FA2E6EEA29E5F6030042BDE0 /* Randomizable.swift in Sources */ = {isa = PBXBuildFile; fileRef = FA2E6E8429E5F6030042BDE0 /* Randomizable.swift */; };
		FA2E6EEB29E5F6030042BDE0 /* EntropyGenerator+Range.swift in Sources */ = {isa = PBXBuildFile; fileRef = FA2E6E8529E5F6030042BDE0 /* EntropyGenerator+Range.swift */; };
		FA2E6EEC29E5F6030042BDE0 /* RangeInitializedArray+Mutable.swift in Sources */ = {isa = PBXBuildFile; fileRef = FA2E6E8629E5F6030042BDE0 /* RangeInitializedArray+Mutable.swift */; };
		FA2E6EED29E5F6030042BDE0 /* DrandGenerator.swift in Sources */ = {isa = PBXBuildFile; fileRef = FA2E6E8729E5F6030042BDE0 /* DrandGenerator.swift */; };
		FA2E6EEE29E5F6030042BDE0 /* Discrete+Randomizable.swift in Sources */ = {isa = PBXBuildFile; fileRef = FA2E6E8829E5F6030042BDE0 /* Discrete+Randomizable.swift */; };
		FA2E6EEF29E5F6030042BDE0 /* Bool+Randomizable.swift in Sources */ = {isa = PBXBuildFile; fileRef = FA2E6E8929E5F6030042BDE0 /* Bool+Randomizable.swift */; };
		FA2E6EF029E5F6030042BDE0 /* FitnessType.swift in Sources */ = {isa = PBXBuildFile; fileRef = FA2E6E8A29E5F6030042BDE0 /* FitnessType.swift */; };
		FA2E6EF129E5F6030042BDE0 /* RangeInitializedArray+TwoPointCrossoverable.swift in Sources */ = {isa = PBXBuildFile; fileRef = FA2E6E8B29E5F6030042BDE0 /* RangeInitializedArray+TwoPointCrossoverable.swift */; };
		FA2E6EF229E5F6030042BDE0 /* RangeInitializedArray.swift in Sources */ = {isa = PBXBuildFile; fileRef = FA2E6E8C29E5F6030042BDE0 /* RangeInitializedArray.swift */; };
		FA2E6EF329E5F6030042BDE0 /* AfterDate.swift in Sources */ = {isa = PBXBuildFile; fileRef = FA2E6E8D29E5F6030042BDE0 /* AfterDate.swift */; };
		FA2E6EF429E5F6030042BDE0 /* DivisionNode.swift in Sources */ = {isa = PBXBuildFile; fileRef = FA2E6E8E29E5F6030042BDE0 /* DivisionNode.swift */; };
		FA2E6EF529E5F6030042BDE0 /* DisjunctionNode.swift in Sources */ = {isa = PBXBuildFile; fileRef = FA2E6E8F29E5F6030042BDE0 /* DisjunctionNode.swift */; };
		FA2E6EF629E5F6030042BDE0 /* Mutation.swift in Sources */ = {isa = PBXBuildFile; fileRef = FA2E6E9029E5F6030042BDE0 /* Mutation.swift */; };
		FA2E6EF729E5F6030042BDE0 /* ConstantNode.swift in Sources */ = {isa = PBXBuildFile; fileRef = FA2E6E9129E5F6030042BDE0 /* ConstantNode.swift */; };
		FA2E6EF829E5F6030042BDE0 /* PersistentRangeInitializedArray+PersistentType.swift in Sources */ = {isa = PBXBuildFile; fileRef = FA2E6E9229E5F6030042BDE0 /* PersistentRangeInitializedArray+PersistentType.swift */; };
		FA2E6EF929E5F6030042BDE0 /* TwoPointCrossover.swift in Sources */ = {isa = PBXBuildFile; fileRef = FA2E6E9329E5F6030042BDE0 /* TwoPointCrossover.swift */; };
		FA2E6EFA29E5F6030042BDE0 /* SequentialEvaluatorExample.swift in Sources */ = {isa = PBXBuildFile; fileRef = FA2E6E9429E5F6030042BDE0 /* SequentialEvaluatorExample.swift */; };
		FA2E6EFB29E5F6030042BDE0 /* Float+Randomizable.swift in Sources */ = {isa = PBXBuildFile; fileRef = FA2E6E9529E5F6030042BDE0 /* Float+Randomizable.swift */; };
		FA2E6EFC29E5F6030042BDE0 /* MultiplicationNode.swift in Sources */ = {isa = PBXBuildFile; fileRef = FA2E6E9629E5F6030042BDE0 /* MultiplicationNode.swift */; };
		FA2E6EFD29E5F6030042BDE0 /* ActionNode.swift in Sources */ = {isa = PBXBuildFile; fileRef = FA2E6E9729E5F6030042BDE0 /* ActionNode.swift */; };
		FA2E6EFE29E5F6030042BDE0 /* BinaryNode.swift in Sources */ = {isa = PBXBuildFile; fileRef = FA2E6E9829E5F6030042BDE0 /* BinaryNode.swift */; };
		FA2E6EFF29E5F6030042BDE0 /* TreeNode.swift in Sources */ = {isa = PBXBuildFile; fileRef = FA2E6E9929E5F6030042BDE0 /* TreeNode.swift */; };
		FA2E6F0029E5F6030042BDE0 /* PersistentRangeInitializedArray.swift in Sources */ = {isa = PBXBuildFile; fileRef = FA2E6E9A29E5F6030042BDE0 /* PersistentRangeInitializedArray.swift */; };
		FA2E6F0129E5F6030042BDE0 /* RandomSelection.swift in Sources */ = {isa = PBXBuildFile; fileRef = FA2E6E9B29E5F6030042BDE0 /* RandomSelection.swift */; };
		FA2E6F0229E5F6030042BDE0 /* Fitness.swift in Sources */ = {isa = PBXBuildFile; fileRef = FA2E6E9C29E5F6030042BDE0 /* Fitness.swift */; };
		FA2E6F0329E5F6030042BDE0 /* Individual.swift in Sources */ = {isa = PBXBuildFile; fileRef = FA2E6E9D29E5F6030042BDE0 /* Individual.swift */; };
		FA2E6F0429E5F6030042BDE0 /* MersenneTwister.swift in Sources */ = {isa = PBXBuildFile; fileRef = FA2E6E9E29E5F6030042BDE0 /* MersenneTwister.swift */; };
		FA2E6F0529E5F6030042BDE0 /* ConjunctionNode.swift in Sources */ = {isa = PBXBuildFile; fileRef = FA2E6E9F29E5F6030042BDE0 /* ConjunctionNode.swift */; };
		FA2E6F0629E5F6030042BDE0 /* OrCondition.swift in Sources */ = {isa = PBXBuildFile; fileRef = FA2E6EA029E5F6030042BDE0 /* OrCondition.swift */; };
		FA2E6F0729E5F6030042BDE0 /* ParallelEvaluator.swift in Sources */ = {isa = PBXBuildFile; fileRef = FA2E6EA129E5F6030042BDE0 /* ParallelEvaluator.swift */; };
		FA2E6F0829E5F6030042BDE0 /* WorstSelection.swift in Sources */ = {isa = PBXBuildFile; fileRef = FA2E6EA229E5F6030042BDE0 /* WorstSelection.swift */; };
		FA2E6F0929E5F6030042BDE0 /* CyclicEvaluator.swift in Sources */ = {isa = PBXBuildFile; fileRef = FA2E6EA329E5F6030042BDE0 /* CyclicEvaluator.swift */; };
		FA2E6F0A29E5F6030042BDE0 /* TreeInterpreter.swift in Sources */ = {isa = PBXBuildFile; fileRef = FA2E6EA429E5F6030042BDE0 /* TreeInterpreter.swift */; };
		FA2E6F0B29E5F6030042BDE0 /* Double+Randomizable.swift in Sources */ = {isa = PBXBuildFile; fileRef = FA2E6EA529E5F6030042BDE0 /* Double+Randomizable.swift */; };
		FA2E6F0C29E5F6030042BDE0 /* ActionNodeExample.swift in Sources */ = {isa = PBXBuildFile; fileRef = FA2E6EA629E5F6030042BDE0 /* ActionNodeExample.swift */; };
		FA2E6F0D29E5F6030042BDE0 /* EntropyGenerator.swift in Sources */ = {isa = PBXBuildFile; fileRef = FA2E6EA729E5F6030042BDE0 /* EntropyGenerator.swift */; };
		FA2E6F0E29E5F6030042BDE0 /* SequentialEvaluator.swift in Sources */ = {isa = PBXBuildFile; fileRef = FA2E6EA829E5F6030042BDE0 /* SequentialEvaluator.swift */; };
		FA2E6F0F29E5F6030042BDE0 /* UnaryNode.swift in Sources */ = {isa = PBXBuildFile; fileRef = FA2E6EA929E5F6030042BDE0 /* UnaryNode.swift */; };
		FA2E6F1029E5F6030042BDE0 /* Selection.swift in Sources */ = {isa = PBXBuildFile; fileRef = FA2E6EAA29E5F6030042BDE0 /* Selection.swift */; };
		FA2E6F1129E5F6030042BDE0 /* GeneticAlgorithm.swift in Sources */ = {isa = PBXBuildFile; fileRef = FA2E6EAB29E5F6030042BDE0 /* GeneticAlgorithm.swift */; };
		FA2E6F1229E5F6030042BDE0 /* ArcGenerator.swift in Sources */ = {isa = PBXBuildFile; fileRef = FA2E6EAC29E5F6030042BDE0 /* ArcGenerator.swift */; };
		FA2E6F1329E5F6030042BDE0 /* OnePointCrossoverable.swift in Sources */ = {isa = PBXBuildFile; fileRef = FA2E6EAD29E5F6030042BDE0 /* OnePointCrossoverable.swift */; };
		FA2E6F1429E5F6030042BDE0 /* GeneticOperatorNode.swift in Sources */ = {isa = PBXBuildFile; fileRef = FA2E6EAE29E5F6030042BDE0 /* GeneticOperatorNode.swift */; };
		FA2E6F1529E5F6030042BDE0 /* Epsilon.swift in Sources */ = {isa = PBXBuildFile; fileRef = FA2E6EAF29E5F6030042BDE0 /* Epsilon.swift */; };
		FA2E6F1629E5F6030042BDE0 /* Copyable.swift in Sources */ = {isa = PBXBuildFile; fileRef = FA2E6EB029E5F6030042BDE0 /* Copyable.swift */; };
		FA2E6F1729E5F6030042BDE0 /* Reproducible.swift in Sources */ = {isa = PBXBuildFile; fileRef = FA2E6EB129E5F6030042BDE0 /* Reproducible.swift */; };
		FA2E6F1829E5F6030042BDE0 /* AdditionNode.swift in Sources */ = {isa = PBXBuildFile; fileRef = FA2E6EB229E5F6030042BDE0 /* AdditionNode.swift */; };
		FA2E6F1929E5F6030042BDE0 /* PersistentChromosomeType.swift in Sources */ = {isa = PBXBuildFile; fileRef = FA2E6EB329E5F6030042BDE0 /* PersistentChromosomeType.swift */; };
		FA2E6F1A29E5F6030042BDE0 /* EquationNode.swift in Sources */ = {isa = PBXBuildFile; fileRef = FA2E6EB429E5F6030042BDE0 /* EquationNode.swift */; };
		FA2E6F1C29E5F6030042BDE0 /* Choice.swift in Sources */ = {isa = PBXBuildFile; fileRef = FA2E6EB629E5F6030042BDE0 /* Choice.swift */; };
		FA2E6F1D29E5F6030042BDE0 /* RouletteSelection.swift in Sources */ = {isa = PBXBuildFile; fileRef = FA2E6EB729E5F6030042BDE0 /* RouletteSelection.swift */; };
		FA2E6F1E29E5F6030042BDE0 /* AndCondition.swift in Sources */ = {isa = PBXBuildFile; fileRef = FA2E6EB829E5F6030042BDE0 /* AndCondition.swift */; };
		FA2E6F2329E60BDD0042BDE0 /* SwiftyJSON in Frameworks */ = {isa = PBXBuildFile; productRef = FA2E6F2229E60BDD0042BDE0 /* SwiftyJSON */; };
/* End PBXBuildFile section */

/* Begin PBXContainerItemProxy section */
		E291644B1C8E0704002879C0 /* PBXContainerItemProxy */ = {
			isa = PBXContainerItemProxy;
			containerPortal = E29164361C8E0704002879C0 /* Project object */;
			proxyType = 1;
			remoteGlobalIDString = E291643E1C8E0704002879C0;
			remoteInfo = Revolver;
		};
/* End PBXContainerItemProxy section */

/* Begin PBXFileReference section */
		E291643F1C8E0704002879C0 /* Revolver.framework */ = {isa = PBXFileReference; explicitFileType = wrapper.framework; includeInIndex = 0; path = Revolver.framework; sourceTree = BUILT_PRODUCTS_DIR; };
		E29164491C8E0704002879C0 /* RevolverTests.xctest */ = {isa = PBXFileReference; explicitFileType = wrapper.cfbundle; includeInIndex = 0; path = RevolverTests.xctest; sourceTree = BUILT_PRODUCTS_DIR; };
		FA2E6E5329E5F6030042BDE0 /* RangeInitializedArray+Randomizable.swift */ = {isa = PBXFileReference; fileEncoding = 4; lastKnownFileType = sourcecode.swift; path = "RangeInitializedArray+Randomizable.swift"; sourceTree = "<group>"; };
		FA2E6E5429E5F6030042BDE0 /* TreeProgram+Mutable.swift */ = {isa = PBXFileReference; fileEncoding = 4; lastKnownFileType = sourcecode.swift; path = "TreeProgram+Mutable.swift"; sourceTree = "<group>"; };
		FA2E6E5529E5F6030042BDE0 /* Date.swift */ = {isa = PBXFileReference; fileEncoding = 4; lastKnownFileType = sourcecode.swift; path = Date.swift; sourceTree = "<group>"; };
		FA2E6E5629E5F6030042BDE0 /* Discrete.swift */ = {isa = PBXFileReference; fileEncoding = 4; lastKnownFileType = sourcecode.swift; path = Discrete.swift; sourceTree = "<group>"; };
		FA2E6E5729E5F6030042BDE0 /* ModuloNode.swift */ = {isa = PBXFileReference; fileEncoding = 4; lastKnownFileType = sourcecode.swift; path = ModuloNode.swift; sourceTree = "<group>"; };
		FA2E6E5829E5F6030042BDE0 /* RangeInitializedArray+CustomStringConvertible.swift */ = {isa = PBXFileReference; fileEncoding = 4; lastKnownFileType = sourcecode.swift; path = "RangeInitializedArray+CustomStringConvertible.swift"; sourceTree = "<group>"; };
		FA2E6E5929E5F6030042BDE0 /* LoopNode.swift */ = {isa = PBXFileReference; fileEncoding = 4; lastKnownFileType = sourcecode.swift; path = LoopNode.swift; sourceTree = "<group>"; };
		FA2E6E5A29E5F6030042BDE0 /* Evaluator.swift */ = {isa = PBXFileReference; fileEncoding = 4; lastKnownFileType = sourcecode.swift; path = Evaluator.swift; sourceTree = "<group>"; };
		FA2E6E5B29E5F6030042BDE0 /* TreeType.swift */ = {isa = PBXFileReference; fileEncoding = 4; lastKnownFileType = sourcecode.swift; path = TreeType.swift; sourceTree = "<group>"; };
		FA2E6E5C29E5F6030042BDE0 /* NotCondition.swift */ = {isa = PBXFileReference; fileEncoding = 4; lastKnownFileType = sourcecode.swift; path = NotCondition.swift; sourceTree = "<group>"; };
		FA2E6E5D29E5F6030042BDE0 /* EquivalenceNode.swift */ = {isa = PBXFileReference; fileEncoding = 4; lastKnownFileType = sourcecode.swift; path = EquivalenceNode.swift; sourceTree = "<group>"; };
		FA2E6E5E29E5F6030042BDE0 /* Mutable.swift */ = {isa = PBXFileReference; fileEncoding = 4; lastKnownFileType = sourcecode.swift; path = Mutable.swift; sourceTree = "<group>"; };
		FA2E6E5F29E5F6030042BDE0 /* ValueNode.swift */ = {isa = PBXFileReference; fileEncoding = 4; lastKnownFileType = sourcecode.swift; path = ValueNode.swift; sourceTree = "<group>"; };
		FA2E6E6029E5F6030042BDE0 /* TournamentSelection.swift */ = {isa = PBXFileReference; fileEncoding = 4; lastKnownFileType = sourcecode.swift; path = TournamentSelection.swift; sourceTree = "<group>"; };
		FA2E6E6129E5F6030042BDE0 /* SubtractionNode.swift */ = {isa = PBXFileReference; fileEncoding = 4; lastKnownFileType = sourcecode.swift; path = SubtractionNode.swift; sourceTree = "<group>"; };
		FA2E6E6229E5F6030042BDE0 /* CommonChromosomeType.swift */ = {isa = PBXFileReference; fileEncoding = 4; lastKnownFileType = sourcecode.swift; path = CommonChromosomeType.swift; sourceTree = "<group>"; };
		FA2E6E6329E5F6030042BDE0 /* DecisionTreeOperators.swift */ = {isa = PBXFileReference; fileEncoding = 4; lastKnownFileType = sourcecode.swift; path = DecisionTreeOperators.swift; sourceTree = "<group>"; };
		FA2E6E6429E5F6030042BDE0 /* TwoPointCrossoverable.swift */ = {isa = PBXFileReference; fileEncoding = 4; lastKnownFileType = sourcecode.swift; path = TwoPointCrossoverable.swift; sourceTree = "<group>"; };
		FA2E6E6529E5F6030042BDE0 /* TreeProgram+OnePointCrossoverable.swift */ = {isa = PBXFileReference; fileEncoding = 4; lastKnownFileType = sourcecode.swift; path = "TreeProgram+OnePointCrossoverable.swift"; sourceTree = "<group>"; };
		FA2E6E6629E5F6030042BDE0 /* MaxNumberOfGenerations.swift */ = {isa = PBXFileReference; fileEncoding = 4; lastKnownFileType = sourcecode.swift; path = MaxNumberOfGenerations.swift; sourceTree = "<group>"; };
		FA2E6E6729E5F6030042BDE0 /* RangeInitializedArrayExample.swift */ = {isa = PBXFileReference; fileEncoding = 4; lastKnownFileType = sourcecode.swift; path = RangeInitializedArrayExample.swift; sourceTree = "<group>"; };
		FA2E6E6829E5F6030042BDE0 /* RangeInitializedArray+Copyable.swift */ = {isa = PBXFileReference; fileEncoding = 4; lastKnownFileType = sourcecode.swift; path = "RangeInitializedArray+Copyable.swift"; sourceTree = "<group>"; };
		FA2E6E6929E5F6030042BDE0 /* Reproduction.swift */ = {isa = PBXFileReference; fileEncoding = 4; lastKnownFileType = sourcecode.swift; path = Reproduction.swift; sourceTree = "<group>"; };
		FA2E6E6A29E5F6030042BDE0 /* EntropyGenerator+RandomizableGeneration.swift */ = {isa = PBXFileReference; fileEncoding = 4; lastKnownFileType = sourcecode.swift; path = "EntropyGenerator+RandomizableGeneration.swift"; sourceTree = "<group>"; };
		FA2E6E6B29E5F6030042BDE0 /* IndexSet.swift */ = {isa = PBXFileReference; fileEncoding = 4; lastKnownFileType = sourcecode.swift; path = IndexSet.swift; sourceTree = "<group>"; };
		FA2E6E6C29E5F6030042BDE0 /* OnePointCrossover.swift */ = {isa = PBXFileReference; fileEncoding = 4; lastKnownFileType = sourcecode.swift; path = OnePointCrossover.swift; sourceTree = "<group>"; };
		FA2E6E6D29E5F6030042BDE0 /* RangeInitializedArray+OnePointCrossoverable.swift */ = {isa = PBXFileReference; fileEncoding = 4; lastKnownFileType = sourcecode.swift; path = "RangeInitializedArray+OnePointCrossoverable.swift"; sourceTree = "<group>"; };
		FA2E6E6E29E5F6030042BDE0 /* ChromosomeType.swift */ = {isa = PBXFileReference; fileEncoding = 4; lastKnownFileType = sourcecode.swift; path = ChromosomeType.swift; sourceTree = "<group>"; };
		FA2E6E6F29E5F6030042BDE0 /* PersistentType.swift */ = {isa = PBXFileReference; fileEncoding = 4; lastKnownFileType = sourcecode.swift; path = PersistentType.swift; sourceTree = "<group>"; };
		FA2E6E7029E5F6030042BDE0 /* NegationNode.swift */ = {isa = PBXFileReference; fileEncoding = 4; lastKnownFileType = sourcecode.swift; path = NegationNode.swift; sourceTree = "<group>"; };
		FA2E6E7129E5F6030042BDE0 /* ComparisonNode.swift */ = {isa = PBXFileReference; fileEncoding = 4; lastKnownFileType = sourcecode.swift; path = ComparisonNode.swift; sourceTree = "<group>"; };
		FA2E6E7229E5F6030042BDE0 /* ChanceNode.swift */ = {isa = PBXFileReference; fileEncoding = 4; lastKnownFileType = sourcecode.swift; path = ChanceNode.swift; sourceTree = "<group>"; };
		FA2E6E7329E5F6030042BDE0 /* MatingPool.swift */ = {isa = PBXFileReference; fileEncoding = 4; lastKnownFileType = sourcecode.swift; path = MatingPool.swift; sourceTree = "<group>"; };
		FA2E6E7429E5F6030042BDE0 /* BestSelection.swift */ = {isa = PBXFileReference; fileEncoding = 4; lastKnownFileType = sourcecode.swift; path = BestSelection.swift; sourceTree = "<group>"; };
		FA2E6E7529E5F6030042BDE0 /* Revolver.h */ = {isa = PBXFileReference; fileEncoding = 4; lastKnownFileType = sourcecode.c.h; path = Revolver.h; sourceTree = "<group>"; };
		FA2E6E7629E5F6030042BDE0 /* DecisionTreeNode.swift */ = {isa = PBXFileReference; fileEncoding = 4; lastKnownFileType = sourcecode.swift; path = DecisionTreeNode.swift; sourceTree = "<group>"; };
		FA2E6E7729E5F6030042BDE0 /* TerminationCondition.swift */ = {isa = PBXFileReference; fileEncoding = 4; lastKnownFileType = sourcecode.swift; path = TerminationCondition.swift; sourceTree = "<group>"; };
		FA2E6E7829E5F6030042BDE0 /* RankSelection.swift */ = {isa = PBXFileReference; fileEncoding = 4; lastKnownFileType = sourcecode.swift; path = RankSelection.swift; sourceTree = "<group>"; };
		FA2E6E7929E5F6030042BDE0 /* RandomTreeFactory.swift */ = {isa = PBXFileReference; fileEncoding = 4; lastKnownFileType = sourcecode.swift; path = RandomTreeFactory.swift; sourceTree = "<group>"; };
		FA2E6E7A29E5F6030042BDE0 /* NumericType.swift */ = {isa = PBXFileReference; fileEncoding = 4; lastKnownFileType = sourcecode.swift; path = NumericType.swift; sourceTree = "<group>"; };
		FA2E6E7B29E5F6030042BDE0 /* ConditionalNode.swift */ = {isa = PBXFileReference; fileEncoding = 4; lastKnownFileType = sourcecode.swift; path = ConditionalNode.swift; sourceTree = "<group>"; };
		FA2E6E7C29E5F6030042BDE0 /* SequenceNode.swift */ = {isa = PBXFileReference; fileEncoding = 4; lastKnownFileType = sourcecode.swift; path = SequenceNode.swift; sourceTree = "<group>"; };
		FA2E6E7D29E5F6030042BDE0 /* FitnessThreshold.swift */ = {isa = PBXFileReference; fileEncoding = 4; lastKnownFileType = sourcecode.swift; path = FitnessThreshold.swift; sourceTree = "<group>"; };
		FA2E6E7E29E5F6030042BDE0 /* GeneticOperator.swift */ = {isa = PBXFileReference; fileEncoding = 4; lastKnownFileType = sourcecode.swift; path = GeneticOperator.swift; sourceTree = "<group>"; };
		FA2E6E7F29E5F6030042BDE0 /* TreeProgram.swift */ = {isa = PBXFileReference; fileEncoding = 4; lastKnownFileType = sourcecode.swift; path = TreeProgram.swift; sourceTree = "<group>"; };
		FA2E6E8029E5F6030042BDE0 /* Elitism.swift */ = {isa = PBXFileReference; fileEncoding = 4; lastKnownFileType = sourcecode.swift; path = Elitism.swift; sourceTree = "<group>"; };
		FA2E6E8129E5F6030042BDE0 /* GeneticAlgorithmExample.swift */ = {isa = PBXFileReference; fileEncoding = 4; lastKnownFileType = sourcecode.swift; path = GeneticAlgorithmExample.swift; sourceTree = "<group>"; };
		FA2E6E8229E5F6030042BDE0 /* ImplicationNode.swift */ = {isa = PBXFileReference; fileEncoding = 4; lastKnownFileType = sourcecode.swift; path = ImplicationNode.swift; sourceTree = "<group>"; };
		FA2E6E8329E5F6030042BDE0 /* RangeInitializedArray+CustomDebugStringConvertible.swift */ = {isa = PBXFileReference; fileEncoding = 4; lastKnownFileType = sourcecode.swift; path = "RangeInitializedArray+CustomDebugStringConvertible.swift"; sourceTree = "<group>"; };
		FA2E6E8429E5F6030042BDE0 /* Randomizable.swift */ = {isa = PBXFileReference; fileEncoding = 4; lastKnownFileType = sourcecode.swift; path = Randomizable.swift; sourceTree = "<group>"; };
		FA2E6E8529E5F6030042BDE0 /* EntropyGenerator+Range.swift */ = {isa = PBXFileReference; fileEncoding = 4; lastKnownFileType = sourcecode.swift; path = "EntropyGenerator+Range.swift"; sourceTree = "<group>"; };
		FA2E6E8629E5F6030042BDE0 /* RangeInitializedArray+Mutable.swift */ = {isa = PBXFileReference; fileEncoding = 4; lastKnownFileType = sourcecode.swift; path = "RangeInitializedArray+Mutable.swift"; sourceTree = "<group>"; };
		FA2E6E8729E5F6030042BDE0 /* DrandGenerator.swift */ = {isa = PBXFileReference; fileEncoding = 4; lastKnownFileType = sourcecode.swift; path = DrandGenerator.swift; sourceTree = "<group>"; };
		FA2E6E8829E5F6030042BDE0 /* Discrete+Randomizable.swift */ = {isa = PBXFileReference; fileEncoding = 4; lastKnownFileType = sourcecode.swift; path = "Discrete+Randomizable.swift"; sourceTree = "<group>"; };
		FA2E6E8929E5F6030042BDE0 /* Bool+Randomizable.swift */ = {isa = PBXFileReference; fileEncoding = 4; lastKnownFileType = sourcecode.swift; path = "Bool+Randomizable.swift"; sourceTree = "<group>"; };
		FA2E6E8A29E5F6030042BDE0 /* FitnessType.swift */ = {isa = PBXFileReference; fileEncoding = 4; lastKnownFileType = sourcecode.swift; path = FitnessType.swift; sourceTree = "<group>"; };
		FA2E6E8B29E5F6030042BDE0 /* RangeInitializedArray+TwoPointCrossoverable.swift */ = {isa = PBXFileReference; fileEncoding = 4; lastKnownFileType = sourcecode.swift; path = "RangeInitializedArray+TwoPointCrossoverable.swift"; sourceTree = "<group>"; };
		FA2E6E8C29E5F6030042BDE0 /* RangeInitializedArray.swift */ = {isa = PBXFileReference; fileEncoding = 4; lastKnownFileType = sourcecode.swift; path = RangeInitializedArray.swift; sourceTree = "<group>"; };
		FA2E6E8D29E5F6030042BDE0 /* AfterDate.swift */ = {isa = PBXFileReference; fileEncoding = 4; lastKnownFileType = sourcecode.swift; path = AfterDate.swift; sourceTree = "<group>"; };
		FA2E6E8E29E5F6030042BDE0 /* DivisionNode.swift */ = {isa = PBXFileReference; fileEncoding = 4; lastKnownFileType = sourcecode.swift; path = DivisionNode.swift; sourceTree = "<group>"; };
		FA2E6E8F29E5F6030042BDE0 /* DisjunctionNode.swift */ = {isa = PBXFileReference; fileEncoding = 4; lastKnownFileType = sourcecode.swift; path = DisjunctionNode.swift; sourceTree = "<group>"; };
		FA2E6E9029E5F6030042BDE0 /* Mutation.swift */ = {isa = PBXFileReference; fileEncoding = 4; lastKnownFileType = sourcecode.swift; path = Mutation.swift; sourceTree = "<group>"; };
		FA2E6E9129E5F6030042BDE0 /* ConstantNode.swift */ = {isa = PBXFileReference; fileEncoding = 4; lastKnownFileType = sourcecode.swift; path = ConstantNode.swift; sourceTree = "<group>"; };
		FA2E6E9229E5F6030042BDE0 /* PersistentRangeInitializedArray+PersistentType.swift */ = {isa = PBXFileReference; fileEncoding = 4; lastKnownFileType = sourcecode.swift; path = "PersistentRangeInitializedArray+PersistentType.swift"; sourceTree = "<group>"; };
		FA2E6E9329E5F6030042BDE0 /* TwoPointCrossover.swift */ = {isa = PBXFileReference; fileEncoding = 4; lastKnownFileType = sourcecode.swift; path = TwoPointCrossover.swift; sourceTree = "<group>"; };
		FA2E6E9429E5F6030042BDE0 /* SequentialEvaluatorExample.swift */ = {isa = PBXFileReference; fileEncoding = 4; lastKnownFileType = sourcecode.swift; path = SequentialEvaluatorExample.swift; sourceTree = "<group>"; };
		FA2E6E9529E5F6030042BDE0 /* Float+Randomizable.swift */ = {isa = PBXFileReference; fileEncoding = 4; lastKnownFileType = sourcecode.swift; path = "Float+Randomizable.swift"; sourceTree = "<group>"; };
		FA2E6E9629E5F6030042BDE0 /* MultiplicationNode.swift */ = {isa = PBXFileReference; fileEncoding = 4; lastKnownFileType = sourcecode.swift; path = MultiplicationNode.swift; sourceTree = "<group>"; };
		FA2E6E9729E5F6030042BDE0 /* ActionNode.swift */ = {isa = PBXFileReference; fileEncoding = 4; lastKnownFileType = sourcecode.swift; path = ActionNode.swift; sourceTree = "<group>"; };
		FA2E6E9829E5F6030042BDE0 /* BinaryNode.swift */ = {isa = PBXFileReference; fileEncoding = 4; lastKnownFileType = sourcecode.swift; path = BinaryNode.swift; sourceTree = "<group>"; };
		FA2E6E9929E5F6030042BDE0 /* TreeNode.swift */ = {isa = PBXFileReference; fileEncoding = 4; lastKnownFileType = sourcecode.swift; path = TreeNode.swift; sourceTree = "<group>"; };
		FA2E6E9A29E5F6030042BDE0 /* PersistentRangeInitializedArray.swift */ = {isa = PBXFileReference; fileEncoding = 4; lastKnownFileType = sourcecode.swift; path = PersistentRangeInitializedArray.swift; sourceTree = "<group>"; };
		FA2E6E9B29E5F6030042BDE0 /* RandomSelection.swift */ = {isa = PBXFileReference; fileEncoding = 4; lastKnownFileType = sourcecode.swift; path = RandomSelection.swift; sourceTree = "<group>"; };
		FA2E6E9C29E5F6030042BDE0 /* Fitness.swift */ = {isa = PBXFileReference; fileEncoding = 4; lastKnownFileType = sourcecode.swift; path = Fitness.swift; sourceTree = "<group>"; };
		FA2E6E9D29E5F6030042BDE0 /* Individual.swift */ = {isa = PBXFileReference; fileEncoding = 4; lastKnownFileType = sourcecode.swift; path = Individual.swift; sourceTree = "<group>"; };
		FA2E6E9E29E5F6030042BDE0 /* MersenneTwister.swift */ = {isa = PBXFileReference; fileEncoding = 4; lastKnownFileType = sourcecode.swift; path = MersenneTwister.swift; sourceTree = "<group>"; };
		FA2E6E9F29E5F6030042BDE0 /* ConjunctionNode.swift */ = {isa = PBXFileReference; fileEncoding = 4; lastKnownFileType = sourcecode.swift; path = ConjunctionNode.swift; sourceTree = "<group>"; };
		FA2E6EA029E5F6030042BDE0 /* OrCondition.swift */ = {isa = PBXFileReference; fileEncoding = 4; lastKnownFileType = sourcecode.swift; path = OrCondition.swift; sourceTree = "<group>"; };
		FA2E6EA129E5F6030042BDE0 /* ParallelEvaluator.swift */ = {isa = PBXFileReference; fileEncoding = 4; lastKnownFileType = sourcecode.swift; path = ParallelEvaluator.swift; sourceTree = "<group>"; };
		FA2E6EA229E5F6030042BDE0 /* WorstSelection.swift */ = {isa = PBXFileReference; fileEncoding = 4; lastKnownFileType = sourcecode.swift; path = WorstSelection.swift; sourceTree = "<group>"; };
		FA2E6EA329E5F6030042BDE0 /* CyclicEvaluator.swift */ = {isa = PBXFileReference; fileEncoding = 4; lastKnownFileType = sourcecode.swift; path = CyclicEvaluator.swift; sourceTree = "<group>"; };
		FA2E6EA429E5F6030042BDE0 /* TreeInterpreter.swift */ = {isa = PBXFileReference; fileEncoding = 4; lastKnownFileType = sourcecode.swift; path = TreeInterpreter.swift; sourceTree = "<group>"; };
		FA2E6EA529E5F6030042BDE0 /* Double+Randomizable.swift */ = {isa = PBXFileReference; fileEncoding = 4; lastKnownFileType = sourcecode.swift; path = "Double+Randomizable.swift"; sourceTree = "<group>"; };
		FA2E6EA629E5F6030042BDE0 /* ActionNodeExample.swift */ = {isa = PBXFileReference; fileEncoding = 4; lastKnownFileType = sourcecode.swift; path = ActionNodeExample.swift; sourceTree = "<group>"; };
		FA2E6EA729E5F6030042BDE0 /* EntropyGenerator.swift */ = {isa = PBXFileReference; fileEncoding = 4; lastKnownFileType = sourcecode.swift; path = EntropyGenerator.swift; sourceTree = "<group>"; };
		FA2E6EA829E5F6030042BDE0 /* SequentialEvaluator.swift */ = {isa = PBXFileReference; fileEncoding = 4; lastKnownFileType = sourcecode.swift; path = SequentialEvaluator.swift; sourceTree = "<group>"; };
		FA2E6EA929E5F6030042BDE0 /* UnaryNode.swift */ = {isa = PBXFileReference; fileEncoding = 4; lastKnownFileType = sourcecode.swift; path = UnaryNode.swift; sourceTree = "<group>"; };
		FA2E6EAA29E5F6030042BDE0 /* Selection.swift */ = {isa = PBXFileReference; fileEncoding = 4; lastKnownFileType = sourcecode.swift; path = Selection.swift; sourceTree = "<group>"; };
		FA2E6EAB29E5F6030042BDE0 /* GeneticAlgorithm.swift */ = {isa = PBXFileReference; fileEncoding = 4; lastKnownFileType = sourcecode.swift; path = GeneticAlgorithm.swift; sourceTree = "<group>"; };
		FA2E6EAC29E5F6030042BDE0 /* ArcGenerator.swift */ = {isa = PBXFileReference; fileEncoding = 4; lastKnownFileType = sourcecode.swift; path = ArcGenerator.swift; sourceTree = "<group>"; };
		FA2E6EAD29E5F6030042BDE0 /* OnePointCrossoverable.swift */ = {isa = PBXFileReference; fileEncoding = 4; lastKnownFileType = sourcecode.swift; path = OnePointCrossoverable.swift; sourceTree = "<group>"; };
		FA2E6EAE29E5F6030042BDE0 /* GeneticOperatorNode.swift */ = {isa = PBXFileReference; fileEncoding = 4; lastKnownFileType = sourcecode.swift; path = GeneticOperatorNode.swift; sourceTree = "<group>"; };
		FA2E6EAF29E5F6030042BDE0 /* Epsilon.swift */ = {isa = PBXFileReference; fileEncoding = 4; lastKnownFileType = sourcecode.swift; path = Epsilon.swift; sourceTree = "<group>"; };
		FA2E6EB029E5F6030042BDE0 /* Copyable.swift */ = {isa = PBXFileReference; fileEncoding = 4; lastKnownFileType = sourcecode.swift; path = Copyable.swift; sourceTree = "<group>"; };
		FA2E6EB129E5F6030042BDE0 /* Reproducible.swift */ = {isa = PBXFileReference; fileEncoding = 4; lastKnownFileType = sourcecode.swift; path = Reproducible.swift; sourceTree = "<group>"; };
		FA2E6EB229E5F6030042BDE0 /* AdditionNode.swift */ = {isa = PBXFileReference; fileEncoding = 4; lastKnownFileType = sourcecode.swift; path = AdditionNode.swift; sourceTree = "<group>"; };
		FA2E6EB329E5F6030042BDE0 /* PersistentChromosomeType.swift */ = {isa = PBXFileReference; fileEncoding = 4; lastKnownFileType = sourcecode.swift; path = PersistentChromosomeType.swift; sourceTree = "<group>"; };
		FA2E6EB429E5F6030042BDE0 /* EquationNode.swift */ = {isa = PBXFileReference; fileEncoding = 4; lastKnownFileType = sourcecode.swift; path = EquationNode.swift; sourceTree = "<group>"; };
		FA2E6EB629E5F6030042BDE0 /* Choice.swift */ = {isa = PBXFileReference; fileEncoding = 4; lastKnownFileType = sourcecode.swift; path = Choice.swift; sourceTree = "<group>"; };
		FA2E6EB729E5F6030042BDE0 /* RouletteSelection.swift */ = {isa = PBXFileReference; fileEncoding = 4; lastKnownFileType = sourcecode.swift; path = RouletteSelection.swift; sourceTree = "<group>"; };
		FA2E6EB829E5F6030042BDE0 /* AndCondition.swift */ = {isa = PBXFileReference; fileEncoding = 4; lastKnownFileType = sourcecode.swift; path = AndCondition.swift; sourceTree = "<group>"; };
		FA2E6F1F29E60ADA0042BDE0 /* Info.plist */ = {isa = PBXFileReference; lastKnownFileType = text.plist.xml; path = Info.plist; sourceTree = "<group>"; };
		FA2E6F2529E617D40042BDE0 /* LinuxMain.swift */ = {isa = PBXFileReference; lastKnownFileType = sourcecode.swift; path = LinuxMain.swift; sourceTree = "<group>"; };
		FA2E6F2729E617D40042BDE0 /* DoubleArray.swift */ = {isa = PBXFileReference; lastKnownFileType = sourcecode.swift; path = DoubleArray.swift; sourceTree = "<group>"; };
		FA2E6F2829E617D40042BDE0 /* RevolverTests.swift */ = {isa = PBXFileReference; lastKnownFileType = sourcecode.swift; path = RevolverTests.swift; sourceTree = "<group>"; };
		FA2E6F2929E617D40042BDE0 /* EntropyGeneratorTests.swift */ = {isa = PBXFileReference; lastKnownFileType = sourcecode.swift; path = EntropyGeneratorTests.swift; sourceTree = "<group>"; };
		FA2E6F2A29E617D40042BDE0 /* ArrayTests.swift */ = {isa = PBXFileReference; lastKnownFileType = sourcecode.swift; path = ArrayTests.swift; sourceTree = "<group>"; };
		FA2E6F2B29E617D40042BDE0 /* Info.plist */ = {isa = PBXFileReference; lastKnownFileType = text.plist.xml; path = Info.plist; sourceTree = "<group>"; };
/* End PBXFileReference section */

/* Begin PBXFrameworksBuildPhase section */
		E291643B1C8E0704002879C0 /* Frameworks */ = {
			isa = PBXFrameworksBuildPhase;
			buildActionMask = 2147483647;
			files = (
				FA2E6F2329E60BDD0042BDE0 /* SwiftyJSON in Frameworks */,
			);
			runOnlyForDeploymentPostprocessing = 0;
		};
		E29164461C8E0704002879C0 /* Frameworks */ = {
			isa = PBXFrameworksBuildPhase;
			buildActionMask = 2147483647;
			files = (
				E291644A1C8E0704002879C0 /* Revolver.framework in Frameworks */,
			);
			runOnlyForDeploymentPostprocessing = 0;
		};
/* End PBXFrameworksBuildPhase section */

/* Begin PBXGroup section */
		E29164351C8E0704002879C0 = {
			isa = PBXGroup;
			children = (
				FA2E6F2429E617D40042BDE0 /* Tests */,
				FA2E6F1F29E60ADA0042BDE0 /* Info.plist */,
				FA2E6E5129E5F6030042BDE0 /* Sources */,
				E29164401C8E0704002879C0 /* Products */,
			);
			sourceTree = "<group>";
		};
		E29164401C8E0704002879C0 /* Products */ = {
			isa = PBXGroup;
			children = (
				E291643F1C8E0704002879C0 /* Revolver.framework */,
				E29164491C8E0704002879C0 /* RevolverTests.xctest */,
			);
			name = Products;
			sourceTree = "<group>";
		};
		FA2E6E5129E5F6030042BDE0 /* Sources */ = {
			isa = PBXGroup;
			children = (
				FA2E6E5229E5F6030042BDE0 /* Revolver */,
			);
			indentWidth = 4;
			path = Sources;
			sourceTree = "<group>";
			tabWidth = 4;
		};
		FA2E6E5229E5F6030042BDE0 /* Revolver */ = {
			isa = PBXGroup;
			children = (
				FA2E6E5329E5F6030042BDE0 /* RangeInitializedArray+Randomizable.swift */,
				FA2E6E5429E5F6030042BDE0 /* TreeProgram+Mutable.swift */,
				FA2E6E5529E5F6030042BDE0 /* Date.swift */,
				FA2E6E5629E5F6030042BDE0 /* Discrete.swift */,
				FA2E6E5729E5F6030042BDE0 /* ModuloNode.swift */,
				FA2E6E5829E5F6030042BDE0 /* RangeInitializedArray+CustomStringConvertible.swift */,
				FA2E6E5929E5F6030042BDE0 /* LoopNode.swift */,
				FA2E6E5A29E5F6030042BDE0 /* Evaluator.swift */,
				FA2E6E5B29E5F6030042BDE0 /* TreeType.swift */,
				FA2E6E5C29E5F6030042BDE0 /* NotCondition.swift */,
				FA2E6E5D29E5F6030042BDE0 /* EquivalenceNode.swift */,
				FA2E6E5E29E5F6030042BDE0 /* Mutable.swift */,
				FA2E6E5F29E5F6030042BDE0 /* ValueNode.swift */,
				FA2E6E6029E5F6030042BDE0 /* TournamentSelection.swift */,
				FA2E6E6129E5F6030042BDE0 /* SubtractionNode.swift */,
				FA2E6E6229E5F6030042BDE0 /* CommonChromosomeType.swift */,
				FA2E6E6329E5F6030042BDE0 /* DecisionTreeOperators.swift */,
				FA2E6E6429E5F6030042BDE0 /* TwoPointCrossoverable.swift */,
				FA2E6E6529E5F6030042BDE0 /* TreeProgram+OnePointCrossoverable.swift */,
				FA2E6E6629E5F6030042BDE0 /* MaxNumberOfGenerations.swift */,
				FA2E6E6729E5F6030042BDE0 /* RangeInitializedArrayExample.swift */,
				FA2E6E6829E5F6030042BDE0 /* RangeInitializedArray+Copyable.swift */,
				FA2E6E6929E5F6030042BDE0 /* Reproduction.swift */,
				FA2E6E6A29E5F6030042BDE0 /* EntropyGenerator+RandomizableGeneration.swift */,
				FA2E6E6B29E5F6030042BDE0 /* IndexSet.swift */,
				FA2E6E6C29E5F6030042BDE0 /* OnePointCrossover.swift */,
				FA2E6E6D29E5F6030042BDE0 /* RangeInitializedArray+OnePointCrossoverable.swift */,
				FA2E6E6E29E5F6030042BDE0 /* ChromosomeType.swift */,
				FA2E6E6F29E5F6030042BDE0 /* PersistentType.swift */,
				FA2E6E7029E5F6030042BDE0 /* NegationNode.swift */,
				FA2E6E7129E5F6030042BDE0 /* ComparisonNode.swift */,
				FA2E6E7229E5F6030042BDE0 /* ChanceNode.swift */,
				FA2E6E7329E5F6030042BDE0 /* MatingPool.swift */,
				FA2E6E7429E5F6030042BDE0 /* BestSelection.swift */,
				FA2E6E7529E5F6030042BDE0 /* Revolver.h */,
				FA2E6E7629E5F6030042BDE0 /* DecisionTreeNode.swift */,
				FA2E6E7729E5F6030042BDE0 /* TerminationCondition.swift */,
				FA2E6E7829E5F6030042BDE0 /* RankSelection.swift */,
				FA2E6E7929E5F6030042BDE0 /* RandomTreeFactory.swift */,
				FA2E6E7A29E5F6030042BDE0 /* NumericType.swift */,
				FA2E6E7B29E5F6030042BDE0 /* ConditionalNode.swift */,
				FA2E6E7C29E5F6030042BDE0 /* SequenceNode.swift */,
				FA2E6E7D29E5F6030042BDE0 /* FitnessThreshold.swift */,
				FA2E6E7E29E5F6030042BDE0 /* GeneticOperator.swift */,
				FA2E6E7F29E5F6030042BDE0 /* TreeProgram.swift */,
				FA2E6E8029E5F6030042BDE0 /* Elitism.swift */,
				FA2E6E8129E5F6030042BDE0 /* GeneticAlgorithmExample.swift */,
				FA2E6E8229E5F6030042BDE0 /* ImplicationNode.swift */,
				FA2E6E8329E5F6030042BDE0 /* RangeInitializedArray+CustomDebugStringConvertible.swift */,
				FA2E6E8429E5F6030042BDE0 /* Randomizable.swift */,
				FA2E6E8529E5F6030042BDE0 /* EntropyGenerator+Range.swift */,
				FA2E6E8629E5F6030042BDE0 /* RangeInitializedArray+Mutable.swift */,
				FA2E6E8729E5F6030042BDE0 /* DrandGenerator.swift */,
				FA2E6E8829E5F6030042BDE0 /* Discrete+Randomizable.swift */,
				FA2E6E8929E5F6030042BDE0 /* Bool+Randomizable.swift */,
				FA2E6E8A29E5F6030042BDE0 /* FitnessType.swift */,
				FA2E6E8B29E5F6030042BDE0 /* RangeInitializedArray+TwoPointCrossoverable.swift */,
				FA2E6E8C29E5F6030042BDE0 /* RangeInitializedArray.swift */,
				FA2E6E8D29E5F6030042BDE0 /* AfterDate.swift */,
				FA2E6E8E29E5F6030042BDE0 /* DivisionNode.swift */,
				FA2E6E8F29E5F6030042BDE0 /* DisjunctionNode.swift */,
				FA2E6E9029E5F6030042BDE0 /* Mutation.swift */,
				FA2E6E9129E5F6030042BDE0 /* ConstantNode.swift */,
				FA2E6E9229E5F6030042BDE0 /* PersistentRangeInitializedArray+PersistentType.swift */,
				FA2E6E9329E5F6030042BDE0 /* TwoPointCrossover.swift */,
				FA2E6E9429E5F6030042BDE0 /* SequentialEvaluatorExample.swift */,
				FA2E6E9529E5F6030042BDE0 /* Float+Randomizable.swift */,
				FA2E6E9629E5F6030042BDE0 /* MultiplicationNode.swift */,
				FA2E6E9729E5F6030042BDE0 /* ActionNode.swift */,
				FA2E6E9829E5F6030042BDE0 /* BinaryNode.swift */,
				FA2E6E9929E5F6030042BDE0 /* TreeNode.swift */,
				FA2E6E9A29E5F6030042BDE0 /* PersistentRangeInitializedArray.swift */,
				FA2E6E9B29E5F6030042BDE0 /* RandomSelection.swift */,
				FA2E6E9C29E5F6030042BDE0 /* Fitness.swift */,
				FA2E6E9D29E5F6030042BDE0 /* Individual.swift */,
				FA2E6E9E29E5F6030042BDE0 /* MersenneTwister.swift */,
				FA2E6E9F29E5F6030042BDE0 /* ConjunctionNode.swift */,
				FA2E6EA029E5F6030042BDE0 /* OrCondition.swift */,
				FA2E6EA129E5F6030042BDE0 /* ParallelEvaluator.swift */,
				FA2E6EA229E5F6030042BDE0 /* WorstSelection.swift */,
				FA2E6EA329E5F6030042BDE0 /* CyclicEvaluator.swift */,
				FA2E6EA429E5F6030042BDE0 /* TreeInterpreter.swift */,
				FA2E6EA529E5F6030042BDE0 /* Double+Randomizable.swift */,
				FA2E6EA629E5F6030042BDE0 /* ActionNodeExample.swift */,
				FA2E6EA729E5F6030042BDE0 /* EntropyGenerator.swift */,
				FA2E6EA829E5F6030042BDE0 /* SequentialEvaluator.swift */,
				FA2E6EA929E5F6030042BDE0 /* UnaryNode.swift */,
				FA2E6EAA29E5F6030042BDE0 /* Selection.swift */,
				FA2E6EAB29E5F6030042BDE0 /* GeneticAlgorithm.swift */,
				FA2E6EAC29E5F6030042BDE0 /* ArcGenerator.swift */,
				FA2E6EAD29E5F6030042BDE0 /* OnePointCrossoverable.swift */,
				FA2E6EAE29E5F6030042BDE0 /* GeneticOperatorNode.swift */,
				FA2E6EAF29E5F6030042BDE0 /* Epsilon.swift */,
				FA2E6EB029E5F6030042BDE0 /* Copyable.swift */,
				FA2E6EB129E5F6030042BDE0 /* Reproducible.swift */,
				FA2E6EB229E5F6030042BDE0 /* AdditionNode.swift */,
				FA2E6EB329E5F6030042BDE0 /* PersistentChromosomeType.swift */,
				FA2E6EB429E5F6030042BDE0 /* EquationNode.swift */,
				FA2E6EB629E5F6030042BDE0 /* Choice.swift */,
				FA2E6EB729E5F6030042BDE0 /* RouletteSelection.swift */,
				FA2E6EB829E5F6030042BDE0 /* AndCondition.swift */,
			);
			path = Revolver;
			sourceTree = "<group>";
		};
		FA2E6F2429E617D40042BDE0 /* Tests */ = {
			isa = PBXGroup;
			children = (
				FA2E6F2529E617D40042BDE0 /* LinuxMain.swift */,
				FA2E6F2629E617D40042BDE0 /* RevolverTests */,
			);
			path = Tests;
			sourceTree = "<group>";
		};
		FA2E6F2629E617D40042BDE0 /* RevolverTests */ = {
			isa = PBXGroup;
			children = (
				FA2E6F2729E617D40042BDE0 /* DoubleArray.swift */,
				FA2E6F2829E617D40042BDE0 /* RevolverTests.swift */,
				FA2E6F2929E617D40042BDE0 /* EntropyGeneratorTests.swift */,
				FA2E6F2A29E617D40042BDE0 /* ArrayTests.swift */,
				FA2E6F2B29E617D40042BDE0 /* Info.plist */,
			);
			path = RevolverTests;
			sourceTree = "<group>";
		};
/* End PBXGroup section */

/* Begin PBXHeadersBuildPhase section */
		E291643C1C8E0704002879C0 /* Headers */ = {
			isa = PBXHeadersBuildPhase;
			buildActionMask = 2147483647;
			files = (
				FA2E6EDB29E5F6030042BDE0 /* Revolver.h in Headers */,
			);
			runOnlyForDeploymentPostprocessing = 0;
		};
/* End PBXHeadersBuildPhase section */

/* Begin PBXNativeTarget section */
		E291643E1C8E0704002879C0 /* Revolver */ = {
			isa = PBXNativeTarget;
			buildConfigurationList = E29164531C8E0704002879C0 /* Build configuration list for PBXNativeTarget "Revolver" */;
			buildPhases = (
				E291643A1C8E0704002879C0 /* Sources */,
				E291643B1C8E0704002879C0 /* Frameworks */,
				E291643C1C8E0704002879C0 /* Headers */,
				E291643D1C8E0704002879C0 /* Resources */,
			);
			buildRules = (
			);
			dependencies = (
			);
			name = Revolver;
			packageProductDependencies = (
				FA2E6F2229E60BDD0042BDE0 /* SwiftyJSON */,
			);
			productName = Revolver;
			productReference = E291643F1C8E0704002879C0 /* Revolver.framework */;
			productType = "com.apple.product-type.framework";
		};
		E29164481C8E0704002879C0 /* RevolverTests */ = {
			isa = PBXNativeTarget;
			buildConfigurationList = E29164561C8E0704002879C0 /* Build configuration list for PBXNativeTarget "RevolverTests" */;
			buildPhases = (
				E29164451C8E0704002879C0 /* Sources */,
				E29164461C8E0704002879C0 /* Frameworks */,
				E29164471C8E0704002879C0 /* Resources */,
			);
			buildRules = (
			);
			dependencies = (
				E291644C1C8E0704002879C0 /* PBXTargetDependency */,
			);
			name = RevolverTests;
			productName = RevolverTests;
			productReference = E29164491C8E0704002879C0 /* RevolverTests.xctest */;
			productType = "com.apple.product-type.bundle.unit-test";
		};
/* End PBXNativeTarget section */

/* Begin PBXProject section */
		E29164361C8E0704002879C0 /* Project object */ = {
			isa = PBXProject;
			attributes = {
				LastSwiftUpdateCheck = 0720;
				LastUpgradeCheck = 1420;
				ORGANIZATIONNAME = "Petr Manek";
				TargetAttributes = {
					E291643E1C8E0704002879C0 = {
						CreatedOnToolsVersion = 7.2.1;
						LastSwiftMigration = 0820;
					};
					E29164481C8E0704002879C0 = {
						CreatedOnToolsVersion = 7.2.1;
						LastSwiftMigration = 0820;
					};
				};
			};
			buildConfigurationList = E29164391C8E0704002879C0 /* Build configuration list for PBXProject "Revolver" */;
			compatibilityVersion = "Xcode 14.0";
			developmentRegion = en;
			hasScannedForEncodings = 0;
			knownRegions = (
				en,
				Base,
			);
			mainGroup = E29164351C8E0704002879C0;
			packageReferences = (
				FA2E6F2129E60BDD0042BDE0 /* XCRemoteSwiftPackageReference "SwiftyJSON" */,
			);
			productRefGroup = E29164401C8E0704002879C0 /* Products */;
			projectDirPath = "";
			projectRoot = "";
			targets = (
				E291643E1C8E0704002879C0 /* Revolver */,
				E29164481C8E0704002879C0 /* RevolverTests */,
			);
		};
/* End PBXProject section */

/* Begin PBXResourcesBuildPhase section */
		E291643D1C8E0704002879C0 /* Resources */ = {
			isa = PBXResourcesBuildPhase;
			buildActionMask = 2147483647;
			files = (
			);
			runOnlyForDeploymentPostprocessing = 0;
		};
		E29164471C8E0704002879C0 /* Resources */ = {
			isa = PBXResourcesBuildPhase;
			buildActionMask = 2147483647;
			files = (
			);
			runOnlyForDeploymentPostprocessing = 0;
		};
/* End PBXResourcesBuildPhase section */

/* Begin PBXSourcesBuildPhase section */
		E291643A1C8E0704002879C0 /* Sources */ = {
			isa = PBXSourcesBuildPhase;
			buildActionMask = 2147483647;
			files = (
				FA2E6EBC29E5F6030042BDE0 /* Discrete.swift in Sources */,
				FA2E6EFA29E5F6030042BDE0 /* SequentialEvaluatorExample.swift in Sources */,
				FA2E6EC629E5F6030042BDE0 /* TournamentSelection.swift in Sources */,
				FA2E6EE129E5F6030042BDE0 /* ConditionalNode.swift in Sources */,
				FA2E6F0829E5F6030042BDE0 /* WorstSelection.swift in Sources */,
				FA2E6ED529E5F6030042BDE0 /* PersistentType.swift in Sources */,
				FA2E6ECC29E5F6030042BDE0 /* MaxNumberOfGenerations.swift in Sources */,
				FA2E6F0329E5F6030042BDE0 /* Individual.swift in Sources */,
				FA2E6EE029E5F6030042BDE0 /* NumericType.swift in Sources */,
				FA2E6F1729E5F6030042BDE0 /* Reproducible.swift in Sources */,
				FA2E6EE929E5F6030042BDE0 /* RangeInitializedArray+CustomDebugStringConvertible.swift in Sources */,
				FA2E6F0929E5F6030042BDE0 /* CyclicEvaluator.swift in Sources */,
				FA2E6ECB29E5F6030042BDE0 /* TreeProgram+OnePointCrossoverable.swift in Sources */,
				FA2E6EFE29E5F6030042BDE0 /* BinaryNode.swift in Sources */,
				FA2E6F0D29E5F6030042BDE0 /* EntropyGenerator.swift in Sources */,
				FA2E6ECA29E5F6030042BDE0 /* TwoPointCrossoverable.swift in Sources */,
				FA2E6EC329E5F6030042BDE0 /* EquivalenceNode.swift in Sources */,
				FA2E6F1629E5F6030042BDE0 /* Copyable.swift in Sources */,
				FA2E6EF629E5F6030042BDE0 /* Mutation.swift in Sources */,
				FA2E6F1E29E5F6030042BDE0 /* AndCondition.swift in Sources */,
				FA2E6EFB29E5F6030042BDE0 /* Float+Randomizable.swift in Sources */,
				FA2E6EC929E5F6030042BDE0 /* DecisionTreeOperators.swift in Sources */,
				FA2E6F0729E5F6030042BDE0 /* ParallelEvaluator.swift in Sources */,
				FA2E6ED029E5F6030042BDE0 /* EntropyGenerator+RandomizableGeneration.swift in Sources */,
				FA2E6EEE29E5F6030042BDE0 /* Discrete+Randomizable.swift in Sources */,
				FA2E6EEF29E5F6030042BDE0 /* Bool+Randomizable.swift in Sources */,
				FA2E6EB929E5F6030042BDE0 /* RangeInitializedArray+Randomizable.swift in Sources */,
				FA2E6EE829E5F6030042BDE0 /* ImplicationNode.swift in Sources */,
				FA2E6EBE29E5F6030042BDE0 /* RangeInitializedArray+CustomStringConvertible.swift in Sources */,
				FA2E6F0229E5F6030042BDE0 /* Fitness.swift in Sources */,
				FA2E6F0B29E5F6030042BDE0 /* Double+Randomizable.swift in Sources */,
				FA2E6EDF29E5F6030042BDE0 /* RandomTreeFactory.swift in Sources */,
				FA2E6EC529E5F6030042BDE0 /* ValueNode.swift in Sources */,
				FA2E6F0E29E5F6030042BDE0 /* SequentialEvaluator.swift in Sources */,
				FA2E6ECF29E5F6030042BDE0 /* Reproduction.swift in Sources */,
				FA2E6EE729E5F6030042BDE0 /* GeneticAlgorithmExample.swift in Sources */,
				FA2E6EE529E5F6030042BDE0 /* TreeProgram.swift in Sources */,
				FA2E6EBD29E5F6030042BDE0 /* ModuloNode.swift in Sources */,
				FA2E6EF129E5F6030042BDE0 /* RangeInitializedArray+TwoPointCrossoverable.swift in Sources */,
				FA2E6F1D29E5F6030042BDE0 /* RouletteSelection.swift in Sources */,
				FA2E6F1029E5F6030042BDE0 /* Selection.swift in Sources */,
				FA2E6EDE29E5F6030042BDE0 /* RankSelection.swift in Sources */,
				FA2E6F1929E5F6030042BDE0 /* PersistentChromosomeType.swift in Sources */,
				FA2E6EE229E5F6030042BDE0 /* SequenceNode.swift in Sources */,
				FA2E6F1829E5F6030042BDE0 /* AdditionNode.swift in Sources */,
				FA2E6EF729E5F6030042BDE0 /* ConstantNode.swift in Sources */,
				FA2E6ED629E5F6030042BDE0 /* NegationNode.swift in Sources */,
				FA2E6EFD29E5F6030042BDE0 /* ActionNode.swift in Sources */,
				FA2E6F0F29E5F6030042BDE0 /* UnaryNode.swift in Sources */,
				FA2E6F1429E5F6030042BDE0 /* GeneticOperatorNode.swift in Sources */,
				FA2E6ED429E5F6030042BDE0 /* ChromosomeType.swift in Sources */,
				FA2E6EC129E5F6030042BDE0 /* TreeType.swift in Sources */,
				FA2E6EBF29E5F6030042BDE0 /* LoopNode.swift in Sources */,
				FA2E6EED29E5F6030042BDE0 /* DrandGenerator.swift in Sources */,
				FA2E6F1129E5F6030042BDE0 /* GeneticAlgorithm.swift in Sources */,
				FA2E6EE629E5F6030042BDE0 /* Elitism.swift in Sources */,
				FA2E6F1529E5F6030042BDE0 /* Epsilon.swift in Sources */,
				FA2E6EC029E5F6030042BDE0 /* Evaluator.swift in Sources */,
				FA2E6ED829E5F6030042BDE0 /* ChanceNode.swift in Sources */,
				FA2E6EC229E5F6030042BDE0 /* NotCondition.swift in Sources */,
				FA2E6EBB29E5F6030042BDE0 /* Date.swift in Sources */,
				FA2E6EF529E5F6030042BDE0 /* DisjunctionNode.swift in Sources */,
				FA2E6F0029E5F6030042BDE0 /* PersistentRangeInitializedArray.swift in Sources */,
				FA2E6F0629E5F6030042BDE0 /* OrCondition.swift in Sources */,
				FA2E6F1329E5F6030042BDE0 /* OnePointCrossoverable.swift in Sources */,
				FA2E6EEA29E5F6030042BDE0 /* Randomizable.swift in Sources */,
				FA2E6EFC29E5F6030042BDE0 /* MultiplicationNode.swift in Sources */,
				FA2E6F0529E5F6030042BDE0 /* ConjunctionNode.swift in Sources */,
				FA2E6ED129E5F6030042BDE0 /* IndexSet.swift in Sources */,
				FA2E6F1A29E5F6030042BDE0 /* EquationNode.swift in Sources */,
				FA2E6ECD29E5F6030042BDE0 /* RangeInitializedArrayExample.swift in Sources */,
				FA2E6F0429E5F6030042BDE0 /* MersenneTwister.swift in Sources */,
				FA2E6EF429E5F6030042BDE0 /* DivisionNode.swift in Sources */,
				FA2E6EDA29E5F6030042BDE0 /* BestSelection.swift in Sources */,
				FA2E6EE329E5F6030042BDE0 /* FitnessThreshold.swift in Sources */,
				FA2E6EF029E5F6030042BDE0 /* FitnessType.swift in Sources */,
				FA2E6EEC29E5F6030042BDE0 /* RangeInitializedArray+Mutable.swift in Sources */,
				FA2E6EDC29E5F6030042BDE0 /* DecisionTreeNode.swift in Sources */,
				FA2E6EDD29E5F6030042BDE0 /* TerminationCondition.swift in Sources */,
				FA2E6ED229E5F6030042BDE0 /* OnePointCrossover.swift in Sources */,
				FA2E6ECE29E5F6030042BDE0 /* RangeInitializedArray+Copyable.swift in Sources */,
				FA2E6F1229E5F6030042BDE0 /* ArcGenerator.swift in Sources */,
				FA2E6EF829E5F6030042BDE0 /* PersistentRangeInitializedArray+PersistentType.swift in Sources */,
				FA2E6ED929E5F6030042BDE0 /* MatingPool.swift in Sources */,
				FA2E6ED329E5F6030042BDE0 /* RangeInitializedArray+OnePointCrossoverable.swift in Sources */,
				FA2E6EF229E5F6030042BDE0 /* RangeInitializedArray.swift in Sources */,
				FA2E6F0A29E5F6030042BDE0 /* TreeInterpreter.swift in Sources */,
				FA2E6EC829E5F6030042BDE0 /* CommonChromosomeType.swift in Sources */,
				FA2E6F1C29E5F6030042BDE0 /* Choice.swift in Sources */,
				FA2E6EC429E5F6030042BDE0 /* Mutable.swift in Sources */,
				FA2E6EEB29E5F6030042BDE0 /* EntropyGenerator+Range.swift in Sources */,
				FA2E6EFF29E5F6030042BDE0 /* TreeNode.swift in Sources */,
				FA2E6EE429E5F6030042BDE0 /* GeneticOperator.swift in Sources */,
				FA2E6ED729E5F6030042BDE0 /* ComparisonNode.swift in Sources */,
				FA2E6F0C29E5F6030042BDE0 /* ActionNodeExample.swift in Sources */,
				FA2E6EF929E5F6030042BDE0 /* TwoPointCrossover.swift in Sources */,
				FA2E6EBA29E5F6030042BDE0 /* TreeProgram+Mutable.swift in Sources */,
				FA2E6EF329E5F6030042BDE0 /* AfterDate.swift in Sources */,
				FA2E6EC729E5F6030042BDE0 /* SubtractionNode.swift in Sources */,
				FA2E6F0129E5F6030042BDE0 /* RandomSelection.swift in Sources */,
			);
			runOnlyForDeploymentPostprocessing = 0;
		};
		E29164451C8E0704002879C0 /* Sources */ = {
			isa = PBXSourcesBuildPhase;
			buildActionMask = 2147483647;
			files = (
			);
			runOnlyForDeploymentPostprocessing = 0;
		};
/* End PBXSourcesBuildPhase section */

/* Begin PBXTargetDependency section */
		E291644C1C8E0704002879C0 /* PBXTargetDependency */ = {
			isa = PBXTargetDependency;
			target = E291643E1C8E0704002879C0 /* Revolver */;
			targetProxy = E291644B1C8E0704002879C0 /* PBXContainerItemProxy */;
		};
/* End PBXTargetDependency section */

/* Begin XCBuildConfiguration section */
		E29164511C8E0704002879C0 /* Debug */ = {
			isa = XCBuildConfiguration;
			buildSettings = {
				ALWAYS_SEARCH_USER_PATHS = NO;
				CLANG_ANALYZER_LOCALIZABILITY_NONLOCALIZED = YES;
				CLANG_CXX_LANGUAGE_STANDARD = "gnu++0x";
				CLANG_CXX_LIBRARY = "libc++";
				CLANG_ENABLE_MODULES = YES;
				CLANG_ENABLE_OBJC_ARC = YES;
				CLANG_WARN_BLOCK_CAPTURE_AUTORELEASING = YES;
				CLANG_WARN_BOOL_CONVERSION = YES;
				CLANG_WARN_COMMA = YES;
				CLANG_WARN_CONSTANT_CONVERSION = YES;
				CLANG_WARN_DEPRECATED_OBJC_IMPLEMENTATIONS = YES;
				CLANG_WARN_DIRECT_OBJC_ISA_USAGE = YES_ERROR;
				CLANG_WARN_EMPTY_BODY = YES;
				CLANG_WARN_ENUM_CONVERSION = YES;
				CLANG_WARN_INFINITE_RECURSION = YES;
				CLANG_WARN_INT_CONVERSION = YES;
				CLANG_WARN_NON_LITERAL_NULL_CONVERSION = YES;
				CLANG_WARN_OBJC_IMPLICIT_RETAIN_SELF = YES;
				CLANG_WARN_OBJC_LITERAL_CONVERSION = YES;
				CLANG_WARN_OBJC_ROOT_CLASS = YES_ERROR;
				CLANG_WARN_QUOTED_INCLUDE_IN_FRAMEWORK_HEADER = YES;
				CLANG_WARN_RANGE_LOOP_ANALYSIS = YES;
				CLANG_WARN_STRICT_PROTOTYPES = YES;
				CLANG_WARN_SUSPICIOUS_MOVE = YES;
				CLANG_WARN_UNREACHABLE_CODE = YES;
				CLANG_WARN__DUPLICATE_METHOD_MATCH = YES;
				CODE_SIGN_IDENTITY = "-";
				COPY_PHASE_STRIP = NO;
				CURRENT_PROJECT_VERSION = 1;
				DEAD_CODE_STRIPPING = YES;
				DEBUG_INFORMATION_FORMAT = dwarf;
				ENABLE_STRICT_OBJC_MSGSEND = YES;
				ENABLE_TESTABILITY = YES;
				GCC_C_LANGUAGE_STANDARD = gnu99;
				GCC_DYNAMIC_NO_PIC = NO;
				GCC_NO_COMMON_BLOCKS = YES;
				GCC_OPTIMIZATION_LEVEL = 0;
				GCC_PREPROCESSOR_DEFINITIONS = (
					"DEBUG=1",
					"$(inherited)",
				);
				GCC_WARN_64_TO_32_BIT_CONVERSION = YES;
				GCC_WARN_ABOUT_RETURN_TYPE = YES_ERROR;
				GCC_WARN_UNDECLARED_SELECTOR = YES;
				GCC_WARN_UNINITIALIZED_AUTOS = YES_AGGRESSIVE;
				GCC_WARN_UNUSED_FUNCTION = YES;
				GCC_WARN_UNUSED_VARIABLE = YES;
				MACOSX_DEPLOYMENT_TARGET = 13.0;
				MTL_ENABLE_DEBUG_INFO = YES;
				ONLY_ACTIVE_ARCH = YES;
				SDKROOT = macosx;
				SWIFT_OPTIMIZATION_LEVEL = "-Onone";
				VERSIONING_SYSTEM = "apple-generic";
				VERSION_INFO_PREFIX = "";
			};
			name = Debug;
		};
		E29164521C8E0704002879C0 /* Release */ = {
			isa = XCBuildConfiguration;
			buildSettings = {
				ALWAYS_SEARCH_USER_PATHS = NO;
				CLANG_ANALYZER_LOCALIZABILITY_NONLOCALIZED = YES;
				CLANG_CXX_LANGUAGE_STANDARD = "gnu++0x";
				CLANG_CXX_LIBRARY = "libc++";
				CLANG_ENABLE_MODULES = YES;
				CLANG_ENABLE_OBJC_ARC = YES;
				CLANG_WARN_BLOCK_CAPTURE_AUTORELEASING = YES;
				CLANG_WARN_BOOL_CONVERSION = YES;
				CLANG_WARN_COMMA = YES;
				CLANG_WARN_CONSTANT_CONVERSION = YES;
				CLANG_WARN_DEPRECATED_OBJC_IMPLEMENTATIONS = YES;
				CLANG_WARN_DIRECT_OBJC_ISA_USAGE = YES_ERROR;
				CLANG_WARN_EMPTY_BODY = YES;
				CLANG_WARN_ENUM_CONVERSION = YES;
				CLANG_WARN_INFINITE_RECURSION = YES;
				CLANG_WARN_INT_CONVERSION = YES;
				CLANG_WARN_NON_LITERAL_NULL_CONVERSION = YES;
				CLANG_WARN_OBJC_IMPLICIT_RETAIN_SELF = YES;
				CLANG_WARN_OBJC_LITERAL_CONVERSION = YES;
				CLANG_WARN_OBJC_ROOT_CLASS = YES_ERROR;
				CLANG_WARN_QUOTED_INCLUDE_IN_FRAMEWORK_HEADER = YES;
				CLANG_WARN_RANGE_LOOP_ANALYSIS = YES;
				CLANG_WARN_STRICT_PROTOTYPES = YES;
				CLANG_WARN_SUSPICIOUS_MOVE = YES;
				CLANG_WARN_UNREACHABLE_CODE = YES;
				CLANG_WARN__DUPLICATE_METHOD_MATCH = YES;
				CODE_SIGN_IDENTITY = "-";
				COPY_PHASE_STRIP = NO;
				CURRENT_PROJECT_VERSION = 1;
				DEAD_CODE_STRIPPING = YES;
				DEBUG_INFORMATION_FORMAT = "dwarf-with-dsym";
				ENABLE_NS_ASSERTIONS = NO;
				ENABLE_STRICT_OBJC_MSGSEND = YES;
				GCC_C_LANGUAGE_STANDARD = gnu99;
				GCC_NO_COMMON_BLOCKS = YES;
				GCC_WARN_64_TO_32_BIT_CONVERSION = YES;
				GCC_WARN_ABOUT_RETURN_TYPE = YES_ERROR;
				GCC_WARN_UNDECLARED_SELECTOR = YES;
				GCC_WARN_UNINITIALIZED_AUTOS = YES_AGGRESSIVE;
				GCC_WARN_UNUSED_FUNCTION = YES;
				GCC_WARN_UNUSED_VARIABLE = YES;
				MACOSX_DEPLOYMENT_TARGET = 13.0;
				MTL_ENABLE_DEBUG_INFO = NO;
				SDKROOT = macosx;
				SWIFT_COMPILATION_MODE = wholemodule;
				SWIFT_OPTIMIZATION_LEVEL = "-O";
				VERSIONING_SYSTEM = "apple-generic";
				VERSION_INFO_PREFIX = "";
			};
			name = Release;
		};
		E29164541C8E0704002879C0 /* Debug */ = {
			isa = XCBuildConfiguration;
			buildSettings = {
				CLANG_ENABLE_MODULES = YES;
				COMBINE_HIDPI_IMAGES = YES;
				DEAD_CODE_STRIPPING = YES;
				DEFINES_MODULE = YES;
				DYLIB_COMPATIBILITY_VERSION = 1;
				DYLIB_CURRENT_VERSION = 1;
				DYLIB_INSTALL_NAME_BASE = "@rpath";
				FRAMEWORK_VERSION = A;
				INFOPLIST_FILE = Info.plist;
				INSTALL_PATH = "$(LOCAL_LIBRARY_DIR)/Frameworks";
				LD_RUNPATH_SEARCH_PATHS = (
					"$(inherited)",
					"@executable_path/../Frameworks",
					"@loader_path/Frameworks",
				);
				MACOSX_DEPLOYMENT_TARGET = 13.0;
				PRODUCT_BUNDLE_IDENTIFIER = cz.petrmanek.Revolver;
				PRODUCT_NAME = "$(TARGET_NAME)";
				SKIP_INSTALL = YES;
				SWIFT_OPTIMIZATION_LEVEL = "-Onone";
				SWIFT_VERSION = 5.0;
			};
			name = Debug;
		};
		E29164551C8E0704002879C0 /* Release */ = {
			isa = XCBuildConfiguration;
			buildSettings = {
				CLANG_ENABLE_MODULES = YES;
				COMBINE_HIDPI_IMAGES = YES;
				DEAD_CODE_STRIPPING = YES;
				DEFINES_MODULE = YES;
				DYLIB_COMPATIBILITY_VERSION = 1;
				DYLIB_CURRENT_VERSION = 1;
				DYLIB_INSTALL_NAME_BASE = "@rpath";
				FRAMEWORK_VERSION = A;
				INFOPLIST_FILE = Info.plist;
				INSTALL_PATH = "$(LOCAL_LIBRARY_DIR)/Frameworks";
				LD_RUNPATH_SEARCH_PATHS = (
					"$(inherited)",
					"@executable_path/../Frameworks",
					"@loader_path/Frameworks",
				);
				MACOSX_DEPLOYMENT_TARGET = 13.0;
				PRODUCT_BUNDLE_IDENTIFIER = cz.petrmanek.Revolver;
				PRODUCT_NAME = "$(TARGET_NAME)";
				SKIP_INSTALL = YES;
				SWIFT_VERSION = 5.0;
			};
			name = Release;
		};
		E29164571C8E0704002879C0 /* Debug */ = {
			isa = XCBuildConfiguration;
			buildSettings = {
				ALWAYS_EMBED_SWIFT_STANDARD_LIBRARIES = YES;
				COMBINE_HIDPI_IMAGES = YES;
				DEAD_CODE_STRIPPING = YES;
				INFOPLIST_FILE = Tests/RevolverTests/Info.plist;
				LD_RUNPATH_SEARCH_PATHS = (
					"$(inherited)",
					"@executable_path/../Frameworks",
					"@loader_path/../Frameworks",
				);
				PRODUCT_BUNDLE_IDENTIFIER = cz.petrmanek.RevolverTests;
				PRODUCT_NAME = "$(TARGET_NAME)";
				SWIFT_VERSION = 3.0;
			};
			name = Debug;
		};
		E29164581C8E0704002879C0 /* Release */ = {
			isa = XCBuildConfiguration;
			buildSettings = {
				ALWAYS_EMBED_SWIFT_STANDARD_LIBRARIES = YES;
				COMBINE_HIDPI_IMAGES = YES;
				DEAD_CODE_STRIPPING = YES;
				INFOPLIST_FILE = Tests/RevolverTests/Info.plist;
				LD_RUNPATH_SEARCH_PATHS = (
					"$(inherited)",
					"@executable_path/../Frameworks",
					"@loader_path/../Frameworks",
				);
				PRODUCT_BUNDLE_IDENTIFIER = cz.petrmanek.RevolverTests;
				PRODUCT_NAME = "$(TARGET_NAME)";
				SWIFT_VERSION = 3.0;
			};
			name = Release;
		};
/* End XCBuildConfiguration section */

/* Begin XCConfigurationList section */
		E29164391C8E0704002879C0 /* Build configuration list for PBXProject "Revolver" */ = {
			isa = XCConfigurationList;
			buildConfigurations = (
				E29164511C8E0704002879C0 /* Debug */,
				E29164521C8E0704002879C0 /* Release */,
			);
			defaultConfigurationIsVisible = 0;
			defaultConfigurationName = Release;
		};
		E29164531C8E0704002879C0 /* Build configuration list for PBXNativeTarget "Revolver" */ = {
			isa = XCConfigurationList;
			buildConfigurations = (
				E29164541C8E0704002879C0 /* Debug */,
				E29164551C8E0704002879C0 /* Release */,
			);
			defaultConfigurationIsVisible = 0;
			defaultConfigurationName = Release;
		};
		E29164561C8E0704002879C0 /* Build configuration list for PBXNativeTarget "RevolverTests" */ = {
			isa = XCConfigurationList;
			buildConfigurations = (
				E29164571C8E0704002879C0 /* Debug */,
				E29164581C8E0704002879C0 /* Release */,
			);
			defaultConfigurationIsVisible = 0;
			defaultConfigurationName = Release;
		};
/* End XCConfigurationList section */

/* Begin XCRemoteSwiftPackageReference section */
		FA2E6F2129E60BDD0042BDE0 /* XCRemoteSwiftPackageReference "SwiftyJSON" */ = {
			isa = XCRemoteSwiftPackageReference;
			repositoryURL = "https://github.com/SwiftyJSON/SwiftyJSON";
			requirement = {
				kind = upToNextMajorVersion;
				minimumVersion = 5.0.0;
			};
		};
/* End XCRemoteSwiftPackageReference section */

/* Begin XCSwiftPackageProductDependency section */
		FA2E6F2229E60BDD0042BDE0 /* SwiftyJSON */ = {
			isa = XCSwiftPackageProductDependency;
			package = FA2E6F2129E60BDD0042BDE0 /* XCRemoteSwiftPackageReference "SwiftyJSON" */;
			productName = SwiftyJSON;
		};
/* End XCSwiftPackageProductDependency section */
	};
	rootObject = E29164361C8E0704002879C0 /* Project object */;
}
